
Microsoft Visual Studio Solution File, Format Version 12.00
# Visual Studio Version 16
VisualStudioVersion = 16.0.29020.237
MinimumVisualStudioVersion = 10.0.40219.1
Project("{FAE04EC0-301F-11D3-BF4B-00C04F79EFBC}") = "ConsoleApp2", "ConsoleApp2\ConsoleApp2.csproj", "{AB121553-8E51-4C49-A368-CCD2E9A0C3F1}"
EndProject
Global
	GlobalSection(SolutionConfigurationPlatforms) = preSolution
		Debug|Any CPU = Debug|Any CPU
		Release|Any CPU = Release|Any CPU
	EndGlobalSection
	GlobalSection(ProjectConfigurationPlatforms) = postSolution
		{AB121553-8E51-4C49-A368-CCD2E9A0C3F1}.Debug|Any CPU.ActiveCfg = Debug|Any CPU
		{AB121553-8E51-4C49-A368-CCD2E9A0C3F1}.Debug|Any CPU.Build.0 = Debug|Any CPU
		{AB121553-8E51-4C49-A368-CCD2E9A0C3F1}.Release|Any CPU.ActiveCfg = Release|Any CPU
		{AB121553-8E51-4C49-A368-CCD2E9A0C3F1}.Release|Any CPU.Build.0 = Release|Any CPU
	EndGlobalSection
	GlobalSection(SolutionProperties) = preSolution
		HideSolutionNode = FALSE
	EndGlobalSection
	GlobalSection(ExtensibilityGlobals) = postSolution
		SolutionGuid = {757FA9C5-BF32-43C9-AC97-E42F97F0B5C9}
	EndGlobalSection
EndGlobal
